
Microsoft Visual Studio Solution File, Format Version 12.00
# Visual Studio Version 16
VisualStudioVersion = 16.0.28729.10
MinimumVisualStudioVersion = 10.0.40219.1
Project("{FAE04EC0-301F-11D3-BF4B-00C04F79EFBC}") = "HaierViewTest", "HaierViewTest\HaierViewTest.csproj", "{8089729E-93CD-445D-867D-EBDCB9269565}"
EndProject
Project("{FAE04EC0-301F-11D3-BF4B-00C04F79EFBC}") = "AutoMachineDAL", "AutoMachineDAL\AutoMachineDAL.csproj", "{40FF39A4-FC8F-46B7-9B2F-F6042114BD06}"
EndProject
Project("{FAE04EC0-301F-11D3-BF4B-00C04F79EFBC}") = "DataModel", "DataModel\DataModel.csproj", "{AEB7EC5A-2299-4E17-B135-B5607DE522E6}"
EndProject
Project("{2150E333-8FDC-42A3-9474-1A3956D46DE8}") = "DLL", "DLL", "{CE748839-6CAB-4486-9F41-9969606A15DB}"
	ProjectSection(SolutionItems) = preProject
		halcondotnet.dll = halcondotnet.dll
		hdevenginedotnet.dll = hdevenginedotnet.dll
		NationalInstruments.Vision.Common.dll = NationalInstruments.Vision.Common.dll
		NationalInstruments.Vision.dll = NationalInstruments.Vision.dll
	EndProjectSection
EndProject
Global
	GlobalSection(SolutionConfigurationPlatforms) = preSolution
		Debug|Any CPU = Debug|Any CPU
		Debug|x64 = Debug|x64
		Release|Any CPU = Release|Any CPU
		Release|x64 = Release|x64
	EndGlobalSection
	GlobalSection(ProjectConfigurationPlatforms) = postSolution
		{8089729E-93CD-445D-867D-EBDCB9269565}.Debug|Any CPU.ActiveCfg = Debug|Any CPU
		{8089729E-93CD-445D-867D-EBDCB9269565}.Debug|Any CPU.Build.0 = Debug|Any CPU
		{8089729E-93CD-445D-867D-EBDCB9269565}.Debug|x64.ActiveCfg = Debug|Any CPU
		{8089729E-93CD-445D-867D-EBDCB9269565}.Debug|x64.Build.0 = Debug|Any CPU
		{8089729E-93CD-445D-867D-EBDCB9269565}.Release|Any CPU.ActiveCfg = Release|Any CPU
		{8089729E-93CD-445D-867D-EBDCB9269565}.Release|Any CPU.Build.0 = Release|Any CPU
		{8089729E-93CD-445D-867D-EBDCB9269565}.Release|x64.ActiveCfg = Release|Any CPU
		{8089729E-93CD-445D-867D-EBDCB9269565}.Release|x64.Build.0 = Release|Any CPU
		{40FF39A4-FC8F-46B7-9B2F-F6042114BD06}.Debug|Any CPU.ActiveCfg = Debug|Any CPU
		{40FF39A4-FC8F-46B7-9B2F-F6042114BD06}.Debug|Any CPU.Build.0 = Debug|Any CPU
		{40FF39A4-FC8F-46B7-9B2F-F6042114BD06}.Debug|x64.ActiveCfg = Debug|x64
		{40FF39A4-FC8F-46B7-9B2F-F6042114BD06}.Debug|x64.Build.0 = Debug|x64
		{40FF39A4-FC8F-46B7-9B2F-F6042114BD06}.Release|Any CPU.ActiveCfg = Release|Any CPU
		{40FF39A4-FC8F-46B7-9B2F-F6042114BD06}.Release|Any CPU.Build.0 = Release|Any CPU
		{40FF39A4-FC8F-46B7-9B2F-F6042114BD06}.Release|x64.ActiveCfg = Release|x64
		{40FF39A4-FC8F-46B7-9B2F-F6042114BD06}.Release|x64.Build.0 = Release|x64
		{AEB7EC5A-2299-4E17-B135-B5607DE522E6}.Debug|Any CPU.ActiveCfg = Debug|Any CPU
		{AEB7EC5A-2299-4E17-B135-B5607DE522E6}.Debug|Any CPU.Build.0 = Debug|Any CPU
		{AEB7EC5A-2299-4E17-B135-B5607DE522E6}.Debug|x64.ActiveCfg = Debug|Any CPU
		{AEB7EC5A-2299-4E17-B135-B5607DE522E6}.Debug|x64.Build.0 = Debug|Any CPU
		{AEB7EC5A-2299-4E17-B135-B5607DE522E6}.Release|Any CPU.ActiveCfg = Release|Any CPU
		{AEB7EC5A-2299-4E17-B135-B5607DE522E6}.Release|Any CPU.Build.0 = Release|Any CPU
		{AEB7EC5A-2299-4E17-B135-B5607DE522E6}.Release|x64.ActiveCfg = Release|Any CPU
		{AEB7EC5A-2299-4E17-B135-B5607DE522E6}.Release|x64.Build.0 = Release|Any CPU
	EndGlobalSection
	GlobalSection(SolutionProperties) = preSolution
		HideSolutionNode = FALSE
	EndGlobalSection
	GlobalSection(ExtensibilityGlobals) = postSolution
		SolutionGuid = {0AA64D16-1DB9-4C07-BCC6-B763B7E1BB60}
	EndGlobalSection
EndGlobal
